// !$*UTF8*$!
{
	archiveVersion = 1;
	classes = {
	};
	objectVersion = 56;
	objects = {

/* Begin PBXBuildFile section */
		9C093C112B811730000011A2 /* Wallzit.swift in Sources */ = {isa = PBXBuildFile; fileRef = 9C093C102B811730000011A2 /* Wallzit.swift */; };
		9C12DAEE2BC06F9900180B6F /* CategoryWall.swift in Sources */ = {isa = PBXBuildFile; fileRef = 9C12DAED2BC06F9900180B6F /* CategoryWall.swift */; };
		9C25F0B82B8CA2B600BC6C4B /* Launch Screen.storyboard in Resources */ = {isa = PBXBuildFile; fileRef = 9C25F0B72B8CA2B600BC6C4B /* Launch Screen.storyboard */; };
		9C39D8C32BBA996A00137126 /* Categories.swift in Sources */ = {isa = PBXBuildFile; fileRef = 9C39D8C22BBA996A00137126 /* Categories.swift */; };
		9C467BCD2B8B482300DC6D0C /* HomeView.swift in Sources */ = {isa = PBXBuildFile; fileRef = 9C467BCC2B8B482300DC6D0C /* HomeView.swift */; };
		9C467BCF2B8B486E00DC6D0C /* FavouriteView.swift in Sources */ = {isa = PBXBuildFile; fileRef = 9C467BCE2B8B486E00DC6D0C /* FavouriteView.swift */; };
		9C467BD12B8B48D400DC6D0C /* MyProfile.swift in Sources */ = {isa = PBXBuildFile; fileRef = 9C467BD02B8B48D400DC6D0C /* MyProfile.swift */; };
		9C6E58DC2BC69953007FCF05 /* teddy_login_screen.riv in Resources */ = {isa = PBXBuildFile; fileRef = 9C6E58DB2BC69953007FCF05 /* teddy_login_screen.riv */; };
		9C6E58E62BC69AEE007FCF05 /* Constants.swift in Sources */ = {isa = PBXBuildFile; fileRef = 9C6E58E52BC69AEE007FCF05 /* Constants.swift */; };
		9C75BAF82BC2BEE0002AEF71 /* RiveRuntime in Frameworks */ = {isa = PBXBuildFile; productRef = 9C75BAF72BC2BEE0002AEF71 /* RiveRuntime */; };
		9C75BAFC2BC2E2D2002AEF71 /* RiveAnimationTest.swift in Sources */ = {isa = PBXBuildFile; fileRef = 9C75BAFB2BC2E2D2002AEF71 /* RiveAnimationTest.swift */; };
		9C75BB002BC2E7EC002AEF71 /* DownloadAnimation.riv in Resources */ = {isa = PBXBuildFile; fileRef = 9C75BAFF2BC2E7EC002AEF71 /* DownloadAnimation.riv */; };
		9C79B8012BD8000C006E2C82 /* LockOverlay.swift in Sources */ = {isa = PBXBuildFile; fileRef = 9C79B8002BD8000C006E2C82 /* LockOverlay.swift */; };
		9C79B8042BD8C93E006E2C82 /* CategoryLockOverlay.swift in Sources */ = {isa = PBXBuildFile; fileRef = 9C79B8032BD8C93E006E2C82 /* CategoryLockOverlay.swift */; };
		9C79B8062BD8C945006E2C82 /* CategoryHomeOverlay.swift in Sources */ = {isa = PBXBuildFile; fileRef = 9C79B8052BD8C945006E2C82 /* CategoryHomeOverlay.swift */; };
		9C79B8082BD8D470006E2C82 /* Home.swift in Sources */ = {isa = PBXBuildFile; fileRef = 9C79B8072BD8D470006E2C82 /* Home.swift */; };
		9C79B80A2BD8D77A006E2C82 /* CustomTabBar.swift in Sources */ = {isa = PBXBuildFile; fileRef = 9C79B8092BD8D77A006E2C82 /* CustomTabBar.swift */; };
		9C79B80C2BD8F688006E2C82 /* TabCurve.swift in Sources */ = {isa = PBXBuildFile; fileRef = 9C79B80B2BD8F688006E2C82 /* TabCurve.swift */; };
		9C79B80F2BE118F6006E2C82 /* BackgroundColour.swift in Sources */ = {isa = PBXBuildFile; fileRef = 9C79B80E2BE118F6006E2C82 /* BackgroundColour.swift */; };
		9C9BE2E82B8A6EAF007185C2 /* WallScreen.swift in Sources */ = {isa = PBXBuildFile; fileRef = 9C9BE2E72B8A6EAF007185C2 /* WallScreen.swift */; };
		9C9F586B2BD65CE500CFDDB5 /* HomeOverlay.swift in Sources */ = {isa = PBXBuildFile; fileRef = 9C9F586A2BD65CE500CFDDB5 /* HomeOverlay.swift */; };
		9CC1380C2BE3F69D00F6F0AF /* FeatureRequestView.swift in Sources */ = {isa = PBXBuildFile; fileRef = 9CC1380B2BE3F69D00F6F0AF /* FeatureRequestView.swift */; };
		9CC1380E2BE572DB00F6F0AF /* ShareData.swift in Sources */ = {isa = PBXBuildFile; fileRef = 9CC1380D2BE572DB00F6F0AF /* ShareData.swift */; };
		9CD8F6E52B7936E100321E0F /* wallzApp.swift in Sources */ = {isa = PBXBuildFile; fileRef = 9CD8F6E42B7936E100321E0F /* wallzApp.swift */; };
		9CD8F6E72B7936E100321E0F /* ContentView.swift in Sources */ = {isa = PBXBuildFile; fileRef = 9CD8F6E62B7936E100321E0F /* ContentView.swift */; };
		9CD8F6E92B7936E300321E0F /* Assets.xcassets in Resources */ = {isa = PBXBuildFile; fileRef = 9CD8F6E82B7936E300321E0F /* Assets.xcassets */; };
		9CD8F6EC2B7936E300321E0F /* Preview Assets.xcassets in Resources */ = {isa = PBXBuildFile; fileRef = 9CD8F6EB2B7936E300321E0F /* Preview Assets.xcassets */; };
		9CE736692BBBED3B00F8002E /* categoryView.swift in Sources */ = {isa = PBXBuildFile; fileRef = 9CE736682BBBED3B00F8002E /* categoryView.swift */; };
		9CF79D822BC7DB7A00879733 /* login_screen_character.riv in Resources */ = {isa = PBXBuildFile; fileRef = 9CF79D812BC7DB7A00879733 /* login_screen_character.riv */; };
/* End PBXBuildFile section */

/* Begin PBXFileReference section */
		9C093C102B811730000011A2 /* Wallzit.swift */ = {isa = PBXFileReference; lastKnownFileType = sourcecode.swift; path = Wallzit.swift; sourceTree = "<group>"; };
		9C12DAED2BC06F9900180B6F /* CategoryWall.swift */ = {isa = PBXFileReference; lastKnownFileType = sourcecode.swift; path = CategoryWall.swift; sourceTree = "<group>"; };
		9C25F0B72B8CA2B600BC6C4B /* Launch Screen.storyboard */ = {isa = PBXFileReference; lastKnownFileType = file.storyboard; path = "Launch Screen.storyboard"; sourceTree = "<group>"; };
		9C39D8C22BBA996A00137126 /* Categories.swift */ = {isa = PBXFileReference; lastKnownFileType = sourcecode.swift; path = Categories.swift; sourceTree = "<group>"; };
		9C467BCC2B8B482300DC6D0C /* HomeView.swift */ = {isa = PBXFileReference; lastKnownFileType = sourcecode.swift; path = HomeView.swift; sourceTree = "<group>"; };
		9C467BCE2B8B486E00DC6D0C /* FavouriteView.swift */ = {isa = PBXFileReference; lastKnownFileType = sourcecode.swift; path = FavouriteView.swift; sourceTree = "<group>"; };
		9C467BD02B8B48D400DC6D0C /* MyProfile.swift */ = {isa = PBXFileReference; lastKnownFileType = sourcecode.swift; path = MyProfile.swift; sourceTree = "<group>"; };
		9C6E58DB2BC69953007FCF05 /* teddy_login_screen.riv */ = {isa = PBXFileReference; lastKnownFileType = file; path = teddy_login_screen.riv; sourceTree = "<group>"; };
		9C6E58E52BC69AEE007FCF05 /* Constants.swift */ = {isa = PBXFileReference; lastKnownFileType = sourcecode.swift; path = Constants.swift; sourceTree = "<group>"; };
		9C75BAFB2BC2E2D2002AEF71 /* RiveAnimationTest.swift */ = {isa = PBXFileReference; lastKnownFileType = sourcecode.swift; path = RiveAnimationTest.swift; sourceTree = "<group>"; };
		9C75BAFF2BC2E7EC002AEF71 /* DownloadAnimation.riv */ = {isa = PBXFileReference; lastKnownFileType = file; path = DownloadAnimation.riv; sourceTree = "<group>"; };
		9C79B8002BD8000C006E2C82 /* LockOverlay.swift */ = {isa = PBXFileReference; lastKnownFileType = sourcecode.swift; path = LockOverlay.swift; sourceTree = "<group>"; };
		9C79B8032BD8C93E006E2C82 /* CategoryLockOverlay.swift */ = {isa = PBXFileReference; lastKnownFileType = sourcecode.swift; path = CategoryLockOverlay.swift; sourceTree = "<group>"; };
		9C79B8052BD8C945006E2C82 /* CategoryHomeOverlay.swift */ = {isa = PBXFileReference; lastKnownFileType = sourcecode.swift; path = CategoryHomeOverlay.swift; sourceTree = "<group>"; };
		9C79B8072BD8D470006E2C82 /* Home.swift */ = {isa = PBXFileReference; lastKnownFileType = sourcecode.swift; path = Home.swift; sourceTree = "<group>"; };
		9C79B8092BD8D77A006E2C82 /* CustomTabBar.swift */ = {isa = PBXFileReference; lastKnownFileType = sourcecode.swift; path = CustomTabBar.swift; sourceTree = "<group>"; };
		9C79B80B2BD8F688006E2C82 /* TabCurve.swift */ = {isa = PBXFileReference; lastKnownFileType = sourcecode.swift; path = TabCurve.swift; sourceTree = "<group>"; };
		9C79B80E2BE118F6006E2C82 /* BackgroundColour.swift */ = {isa = PBXFileReference; lastKnownFileType = sourcecode.swift; path = BackgroundColour.swift; sourceTree = "<group>"; };
		9C9BE2E72B8A6EAF007185C2 /* WallScreen.swift */ = {isa = PBXFileReference; lastKnownFileType = sourcecode.swift; path = WallScreen.swift; sourceTree = "<group>"; };
		9C9F586A2BD65CE500CFDDB5 /* HomeOverlay.swift */ = {isa = PBXFileReference; lastKnownFileType = sourcecode.swift; path = HomeOverlay.swift; sourceTree = "<group>"; };
		9CC1380B2BE3F69D00F6F0AF /* FeatureRequestView.swift */ = {isa = PBXFileReference; lastKnownFileType = sourcecode.swift; path = FeatureRequestView.swift; sourceTree = "<group>"; };
		9CC1380D2BE572DB00F6F0AF /* ShareData.swift */ = {isa = PBXFileReference; lastKnownFileType = sourcecode.swift; path = ShareData.swift; sourceTree = "<group>"; };
		9CD8F6E12B7936E100321E0F /* wallz.app */ = {isa = PBXFileReference; explicitFileType = wrapper.application; includeInIndex = 0; path = wallz.app; sourceTree = BUILT_PRODUCTS_DIR; };
		9CD8F6E42B7936E100321E0F /* wallzApp.swift */ = {isa = PBXFileReference; lastKnownFileType = sourcecode.swift; path = wallzApp.swift; sourceTree = "<group>"; };
		9CD8F6E62B7936E100321E0F /* ContentView.swift */ = {isa = PBXFileReference; lastKnownFileType = sourcecode.swift; path = ContentView.swift; sourceTree = "<group>"; };
		9CD8F6E82B7936E300321E0F /* Assets.xcassets */ = {isa = PBXFileReference; lastKnownFileType = folder.assetcatalog; path = Assets.xcassets; sourceTree = "<group>"; };
		9CD8F6EB2B7936E300321E0F /* Preview Assets.xcassets */ = {isa = PBXFileReference; lastKnownFileType = folder.assetcatalog; path = "Preview Assets.xcassets"; sourceTree = "<group>"; };
		9CE736682BBBED3B00F8002E /* categoryView.swift */ = {isa = PBXFileReference; lastKnownFileType = sourcecode.swift; path = categoryView.swift; sourceTree = "<group>"; };
		9CF79D812BC7DB7A00879733 /* login_screen_character.riv */ = {isa = PBXFileReference; lastKnownFileType = file; path = login_screen_character.riv; sourceTree = "<group>"; };
/* End PBXFileReference section */

/* Begin PBXFrameworksBuildPhase section */
		9CD8F6DE2B7936E100321E0F /* Frameworks */ = {
			isa = PBXFrameworksBuildPhase;
			buildActionMask = 2147483647;
			files = (
				9C75BAF82BC2BEE0002AEF71 /* RiveRuntime in Frameworks */,
			);
			runOnlyForDeploymentPostprocessing = 0;
		};
/* End PBXFrameworksBuildPhase section */

/* Begin PBXGroup section */
		9C6E58DA2BC53DA1007FCF05 /* Category */ = {
			isa = PBXGroup;
			children = (
				9C39D8C22BBA996A00137126 /* Categories.swift */,
				9CE736682BBBED3B00F8002E /* categoryView.swift */,
				9C12DAED2BC06F9900180B6F /* CategoryWall.swift */,
				9C79B8032BD8C93E006E2C82 /* CategoryLockOverlay.swift */,
				9C79B8052BD8C945006E2C82 /* CategoryHomeOverlay.swift */,
			);
			path = Category;
			sourceTree = "<group>";
		};
		9C79B8022BD81ACC006E2C82 /* Overlay's */ = {
			isa = PBXGroup;
			children = (
				9C9F586A2BD65CE500CFDDB5 /* HomeOverlay.swift */,
				9C79B8002BD8000C006E2C82 /* LockOverlay.swift */,
			);
			path = "Overlay's";
			sourceTree = "<group>";
		};
		9C79B80D2BE0E3ED006E2C82 /* CustomTab Bar */ = {
			isa = PBXGroup;
			children = (
				9C79B8092BD8D77A006E2C82 /* CustomTabBar.swift */,
				9C79B80B2BD8F688006E2C82 /* TabCurve.swift */,
				9C79B8072BD8D470006E2C82 /* Home.swift */,
			);
			name = "CustomTab Bar";
			sourceTree = "<group>";
		};
		9CD8F6D82B7936E100321E0F = {
			isa = PBXGroup;
			children = (
				9CD8F6E32B7936E100321E0F /* wallz */,
				9CD8F6E22B7936E100321E0F /* Products */,
			);
			sourceTree = "<group>";
		};
		9CD8F6E22B7936E100321E0F /* Products */ = {
			isa = PBXGroup;
			children = (
				9CD8F6E12B7936E100321E0F /* wallz.app */,
			);
			name = Products;
			sourceTree = "<group>";
		};
		9CD8F6E32B7936E100321E0F /* wallz */ = {
			isa = PBXGroup;
			children = (
				9C25F0B72B8CA2B600BC6C4B /* Launch Screen.storyboard */,
				9CD8F6E42B7936E100321E0F /* wallzApp.swift */,
				9CD8F6E62B7936E100321E0F /* ContentView.swift */,
				9C79B80D2BE0E3ED006E2C82 /* CustomTab Bar */,
				9C467BCE2B8B486E00DC6D0C /* FavouriteView.swift */,
				9C467BCC2B8B482300DC6D0C /* HomeView.swift */,
				9C9BE2E72B8A6EAF007185C2 /* WallScreen.swift */,
				9C79B8022BD81ACC006E2C82 /* Overlay's */,
				9C75BAFB2BC2E2D2002AEF71 /* RiveAnimationTest.swift */,
				9C6E58E52BC69AEE007FCF05 /* Constants.swift */,
				9C6E58DA2BC53DA1007FCF05 /* Category */,
				9C467BD02B8B48D400DC6D0C /* MyProfile.swift */,
				9CC1380B2BE3F69D00F6F0AF /* FeatureRequestView.swift */,
				9C79B80E2BE118F6006E2C82 /* BackgroundColour.swift */,
				9CC1380D2BE572DB00F6F0AF /* ShareData.swift */,
				9C093C102B811730000011A2 /* Wallzit.swift */,
				9C75BAFF2BC2E7EC002AEF71 /* DownloadAnimation.riv */,
				9C6E58DB2BC69953007FCF05 /* teddy_login_screen.riv */,
				9CF79D812BC7DB7A00879733 /* login_screen_character.riv */,
				9CD8F6E82B7936E300321E0F /* Assets.xcassets */,
				9CD8F6EA2B7936E300321E0F /* Preview Content */,
			);
			path = wallz;
			sourceTree = "<group>";
		};
		9CD8F6EA2B7936E300321E0F /* Preview Content */ = {
			isa = PBXGroup;
			children = (
				9CD8F6EB2B7936E300321E0F /* Preview Assets.xcassets */,
			);
			path = "Preview Content";
			sourceTree = "<group>";
		};
/* End PBXGroup section */

/* Begin PBXNativeTarget section */
		9CD8F6E02B7936E100321E0F /* wallz */ = {
			isa = PBXNativeTarget;
			buildConfigurationList = 9CD8F6EF2B7936E300321E0F /* Build configuration list for PBXNativeTarget "wallz" */;
			buildPhases = (
				9CD8F6DD2B7936E100321E0F /* Sources */,
				9CD8F6DE2B7936E100321E0F /* Frameworks */,
				9CD8F6DF2B7936E100321E0F /* Resources */,
			);
			buildRules = (
			);
			dependencies = (
			);
			name = wallz;
			packageProductDependencies = (
				9C75BAF72BC2BEE0002AEF71 /* RiveRuntime */,
			);
			productName = wallz;
			productReference = 9CD8F6E12B7936E100321E0F /* wallz.app */;
			productType = "com.apple.product-type.application";
		};
/* End PBXNativeTarget section */

/* Begin PBXProject section */
		9CD8F6D92B7936E100321E0F /* Project object */ = {
			isa = PBXProject;
			attributes = {
				BuildIndependentTargetsInParallel = 1;
				LastSwiftUpdateCheck = 1520;
				LastUpgradeCheck = 1520;
				TargetAttributes = {
					9CD8F6E02B7936E100321E0F = {
						CreatedOnToolsVersion = 15.2;
					};
				};
			};
			buildConfigurationList = 9CD8F6DC2B7936E100321E0F /* Build configuration list for PBXProject "wallz" */;
			compatibilityVersion = "Xcode 14.0";
			developmentRegion = en;
			hasScannedForEncodings = 0;
			knownRegions = (
				en,
				Base,
			);
			mainGroup = 9CD8F6D82B7936E100321E0F;
			packageReferences = (
				9C75BAF62BC2BEE0002AEF71 /* XCRemoteSwiftPackageReference "rive-ios" */,
			);
			productRefGroup = 9CD8F6E22B7936E100321E0F /* Products */;
			projectDirPath = "";
			projectRoot = "";
			targets = (
				9CD8F6E02B7936E100321E0F /* wallz */,
			);
		};
/* End PBXProject section */

/* Begin PBXResourcesBuildPhase section */
		9CD8F6DF2B7936E100321E0F /* Resources */ = {
			isa = PBXResourcesBuildPhase;
			buildActionMask = 2147483647;
			files = (
				9C6E58DC2BC69953007FCF05 /* teddy_login_screen.riv in Resources */,
				9C75BB002BC2E7EC002AEF71 /* DownloadAnimation.riv in Resources */,
				9C25F0B82B8CA2B600BC6C4B /* Launch Screen.storyboard in Resources */,
				9CF79D822BC7DB7A00879733 /* login_screen_character.riv in Resources */,
				9CD8F6EC2B7936E300321E0F /* Preview Assets.xcassets in Resources */,
				9CD8F6E92B7936E300321E0F /* Assets.xcassets in Resources */,
			);
			runOnlyForDeploymentPostprocessing = 0;
		};
/* End PBXResourcesBuildPhase section */

/* Begin PBXSourcesBuildPhase section */
		9CD8F6DD2B7936E100321E0F /* Sources */ = {
			isa = PBXSourcesBuildPhase;
			buildActionMask = 2147483647;
			files = (
				9C79B80C2BD8F688006E2C82 /* TabCurve.swift in Sources */,
				9C75BAFC2BC2E2D2002AEF71 /* RiveAnimationTest.swift in Sources */,
				9C093C112B811730000011A2 /* Wallzit.swift in Sources */,
				9C39D8C32BBA996A00137126 /* Categories.swift in Sources */,
				9CD8F6E72B7936E100321E0F /* ContentView.swift in Sources */,
				9C79B80A2BD8D77A006E2C82 /* CustomTabBar.swift in Sources */,
				9C79B8042BD8C93E006E2C82 /* CategoryLockOverlay.swift in Sources */,
				9C9F586B2BD65CE500CFDDB5 /* HomeOverlay.swift in Sources */,
				9C79B8082BD8D470006E2C82 /* Home.swift in Sources */,
				9C12DAEE2BC06F9900180B6F /* CategoryWall.swift in Sources */,
				9C6E58E62BC69AEE007FCF05 /* Constants.swift in Sources */,
				9CE736692BBBED3B00F8002E /* categoryView.swift in Sources */,
				9CC1380C2BE3F69D00F6F0AF /* FeatureRequestView.swift in Sources */,
				9CD8F6E52B7936E100321E0F /* wallzApp.swift in Sources */,
				9C467BCD2B8B482300DC6D0C /* HomeView.swift in Sources */,
				9CC1380E2BE572DB00F6F0AF /* ShareData.swift in Sources */,
				9C467BD12B8B48D400DC6D0C /* MyProfile.swift in Sources */,
				9C79B8012BD8000C006E2C82 /* LockOverlay.swift in Sources */,
				9C79B8062BD8C945006E2C82 /* CategoryHomeOverlay.swift in Sources */,
				9C79B80F2BE118F6006E2C82 /* BackgroundColour.swift in Sources */,
				9C467BCF2B8B486E00DC6D0C /* FavouriteView.swift in Sources */,
				9C9BE2E82B8A6EAF007185C2 /* WallScreen.swift in Sources */,
			);
			runOnlyForDeploymentPostprocessing = 0;
		};
/* End PBXSourcesBuildPhase section */

/* Begin XCBuildConfiguration section */
		9CD8F6ED2B7936E300321E0F /* Debug */ = {
			isa = XCBuildConfiguration;
			buildSettings = {
				ALWAYS_SEARCH_USER_PATHS = NO;
				ASSETCATALOG_COMPILER_GENERATE_SWIFT_ASSET_SYMBOL_EXTENSIONS = YES;
				CLANG_ANALYZER_NONNULL = YES;
				CLANG_ANALYZER_NUMBER_OBJECT_CONVERSION = YES_AGGRESSIVE;
				CLANG_CXX_LANGUAGE_STANDARD = "gnu++20";
				CLANG_ENABLE_MODULES = YES;
				CLANG_ENABLE_OBJC_ARC = YES;
				CLANG_ENABLE_OBJC_WEAK = YES;
				CLANG_WARN_BLOCK_CAPTURE_AUTORELEASING = YES;
				CLANG_WARN_BOOL_CONVERSION = YES;
				CLANG_WARN_COMMA = YES;
				CLANG_WARN_CONSTANT_CONVERSION = YES;
				CLANG_WARN_DEPRECATED_OBJC_IMPLEMENTATIONS = YES;
				CLANG_WARN_DIRECT_OBJC_ISA_USAGE = YES_ERROR;
				CLANG_WARN_DOCUMENTATION_COMMENTS = YES;
				CLANG_WARN_EMPTY_BODY = YES;
				CLANG_WARN_ENUM_CONVERSION = YES;
				CLANG_WARN_INFINITE_RECURSION = YES;
				CLANG_WARN_INT_CONVERSION = YES;
				CLANG_WARN_NON_LITERAL_NULL_CONVERSION = YES;
				CLANG_WARN_OBJC_IMPLICIT_RETAIN_SELF = YES;
				CLANG_WARN_OBJC_LITERAL_CONVERSION = YES;
				CLANG_WARN_OBJC_ROOT_CLASS = YES_ERROR;
				CLANG_WARN_QUOTED_INCLUDE_IN_FRAMEWORK_HEADER = YES;
				CLANG_WARN_RANGE_LOOP_ANALYSIS = YES;
				CLANG_WARN_STRICT_PROTOTYPES = YES;
				CLANG_WARN_SUSPICIOUS_MOVE = YES;
				CLANG_WARN_UNGUARDED_AVAILABILITY = YES_AGGRESSIVE;
				CLANG_WARN_UNREACHABLE_CODE = YES;
				CLANG_WARN__DUPLICATE_METHOD_MATCH = YES;
				COPY_PHASE_STRIP = NO;
				DEBUG_INFORMATION_FORMAT = dwarf;
				ENABLE_STRICT_OBJC_MSGSEND = YES;
				ENABLE_TESTABILITY = YES;
				ENABLE_USER_SCRIPT_SANDBOXING = YES;
				GCC_C_LANGUAGE_STANDARD = gnu17;
				GCC_DYNAMIC_NO_PIC = NO;
				GCC_NO_COMMON_BLOCKS = YES;
				GCC_OPTIMIZATION_LEVEL = 0;
				GCC_PREPROCESSOR_DEFINITIONS = (
					"DEBUG=1",
					"$(inherited)",
				);
				GCC_WARN_64_TO_32_BIT_CONVERSION = YES;
				GCC_WARN_ABOUT_RETURN_TYPE = YES_ERROR;
				GCC_WARN_UNDECLARED_SELECTOR = YES;
				GCC_WARN_UNINITIALIZED_AUTOS = YES_AGGRESSIVE;
				GCC_WARN_UNUSED_FUNCTION = YES;
				GCC_WARN_UNUSED_VARIABLE = YES;
				IPHONEOS_DEPLOYMENT_TARGET = 17.0;
				LOCALIZATION_PREFERS_STRING_CATALOGS = YES;
				MTL_ENABLE_DEBUG_INFO = INCLUDE_SOURCE;
				MTL_FAST_MATH = YES;
				ONLY_ACTIVE_ARCH = YES;
				SDKROOT = iphoneos;
				SWIFT_ACTIVE_COMPILATION_CONDITIONS = "DEBUG $(inherited)";
				SWIFT_OPTIMIZATION_LEVEL = "-Onone";
			};
			name = Debug;
		};
		9CD8F6EE2B7936E300321E0F /* Release */ = {
			isa = XCBuildConfiguration;
			buildSettings = {
				ALWAYS_SEARCH_USER_PATHS = NO;
				ASSETCATALOG_COMPILER_GENERATE_SWIFT_ASSET_SYMBOL_EXTENSIONS = YES;
				CLANG_ANALYZER_NONNULL = YES;
				CLANG_ANALYZER_NUMBER_OBJECT_CONVERSION = YES_AGGRESSIVE;
				CLANG_CXX_LANGUAGE_STANDARD = "gnu++20";
				CLANG_ENABLE_MODULES = YES;
				CLANG_ENABLE_OBJC_ARC = YES;
				CLANG_ENABLE_OBJC_WEAK = YES;
				CLANG_WARN_BLOCK_CAPTURE_AUTORELEASING = YES;
				CLANG_WARN_BOOL_CONVERSION = YES;
				CLANG_WARN_COMMA = YES;
				CLANG_WARN_CONSTANT_CONVERSION = YES;
				CLANG_WARN_DEPRECATED_OBJC_IMPLEMENTATIONS = YES;
				CLANG_WARN_DIRECT_OBJC_ISA_USAGE = YES_ERROR;
				CLANG_WARN_DOCUMENTATION_COMMENTS = YES;
				CLANG_WARN_EMPTY_BODY = YES;
				CLANG_WARN_ENUM_CONVERSION = YES;
				CLANG_WARN_INFINITE_RECURSION = YES;
				CLANG_WARN_INT_CONVERSION = YES;
				CLANG_WARN_NON_LITERAL_NULL_CONVERSION = YES;
				CLANG_WARN_OBJC_IMPLICIT_RETAIN_SELF = YES;
				CLANG_WARN_OBJC_LITERAL_CONVERSION = YES;
				CLANG_WARN_OBJC_ROOT_CLASS = YES_ERROR;
				CLANG_WARN_QUOTED_INCLUDE_IN_FRAMEWORK_HEADER = YES;
				CLANG_WARN_RANGE_LOOP_ANALYSIS = YES;
				CLANG_WARN_STRICT_PROTOTYPES = YES;
				CLANG_WARN_SUSPICIOUS_MOVE = YES;
				CLANG_WARN_UNGUARDED_AVAILABILITY = YES_AGGRESSIVE;
				CLANG_WARN_UNREACHABLE_CODE = YES;
				CLANG_WARN__DUPLICATE_METHOD_MATCH = YES;
				COPY_PHASE_STRIP = NO;
				DEBUG_INFORMATION_FORMAT = "dwarf-with-dsym";
				ENABLE_NS_ASSERTIONS = NO;
				ENABLE_STRICT_OBJC_MSGSEND = YES;
				ENABLE_USER_SCRIPT_SANDBOXING = YES;
				GCC_C_LANGUAGE_STANDARD = gnu17;
				GCC_NO_COMMON_BLOCKS = YES;
				GCC_WARN_64_TO_32_BIT_CONVERSION = YES;
				GCC_WARN_ABOUT_RETURN_TYPE = YES_ERROR;
				GCC_WARN_UNDECLARED_SELECTOR = YES;
				GCC_WARN_UNINITIALIZED_AUTOS = YES_AGGRESSIVE;
				GCC_WARN_UNUSED_FUNCTION = YES;
				GCC_WARN_UNUSED_VARIABLE = YES;
				IPHONEOS_DEPLOYMENT_TARGET = 17.0;
				LOCALIZATION_PREFERS_STRING_CATALOGS = YES;
				MTL_ENABLE_DEBUG_INFO = NO;
				MTL_FAST_MATH = YES;
				SDKROOT = iphoneos;
				SWIFT_COMPILATION_MODE = wholemodule;
				VALIDATE_PRODUCT = YES;
			};
			name = Release;
		};
		9CD8F6F02B7936E300321E0F /* Debug */ = {
			isa = XCBuildConfiguration;
			buildSettings = {
				ASSETCATALOG_COMPILER_APPICON_NAME = AppIcon;
				ASSETCATALOG_COMPILER_GLOBAL_ACCENT_COLOR_NAME = AccentColor;
				CODE_SIGN_STYLE = Automatic;
				CURRENT_PROJECT_VERSION = 3004202402;
				DEVELOPMENT_ASSET_PATHS = "\"wallz/Preview Content\"";
				DEVELOPMENT_TEAM = 767TND7ZLG;
				ENABLE_PREVIEWS = YES;
				GENERATE_INFOPLIST_FILE = YES;
				INFOPLIST_KEY_CFBundleDisplayName = wallzy;
				INFOPLIST_KEY_LSApplicationCategoryType = "public.app-category.entertainment";
				INFOPLIST_KEY_NSPhotoLibraryUsageDescription = "This app needs access to your photo library to save downloaded images";
				INFOPLIST_KEY_UIApplicationSceneManifest_Generation = YES;
				INFOPLIST_KEY_UIApplicationSupportsIndirectInputEvents = YES;
				INFOPLIST_KEY_UILaunchScreen_Generation = YES;
				INFOPLIST_KEY_UILaunchStoryboardName = "Launch Screen.storyboard";
				INFOPLIST_KEY_UIRequiresFullScreen = NO;
				INFOPLIST_KEY_UIStatusBarHidden = NO;
				INFOPLIST_KEY_UIStatusBarStyle = "";
				INFOPLIST_KEY_UISupportedInterfaceOrientations = UIInterfaceOrientationPortrait;
				LD_RUNPATH_SEARCH_PATHS = (
					"$(inherited)",
					"@executable_path/Frameworks",
				);
				MARKETING_VERSION = 1.0;
				PRODUCT_BUNDLE_IDENTIFIER = wallzy;
				PRODUCT_NAME = "$(TARGET_NAME)";
				SUPPORTED_PLATFORMS = "iphoneos iphonesimulator";
				SUPPORTS_MACCATALYST = NO;
				SUPPORTS_MAC_DESIGNED_FOR_IPHONE_IPAD = NO;
				SUPPORTS_XR_DESIGNED_FOR_IPHONE_IPAD = NO;
				SWIFT_EMIT_LOC_STRINGS = YES;
				SWIFT_VERSION = 5.0;
				TARGETED_DEVICE_FAMILY = 1;
			};
			name = Debug;
		};
		9CD8F6F12B7936E300321E0F /* Release */ = {
			isa = XCBuildConfiguration;
			buildSettings = {
				ASSETCATALOG_COMPILER_APPICON_NAME = AppIcon;
				ASSETCATALOG_COMPILER_GLOBAL_ACCENT_COLOR_NAME = AccentColor;
				CODE_SIGN_STYLE = Automatic;
				CURRENT_PROJECT_VERSION = 3004202402;
				DEVELOPMENT_ASSET_PATHS = "\"wallz/Preview Content\"";
				DEVELOPMENT_TEAM = 767TND7ZLG;
				ENABLE_PREVIEWS = YES;
				GENERATE_INFOPLIST_FILE = YES;
				INFOPLIST_KEY_CFBundleDisplayName = wallzy;
				INFOPLIST_KEY_LSApplicationCategoryType = "public.app-category.entertainment";
				INFOPLIST_KEY_NSPhotoLibraryUsageDescription = "This app needs access to your photo library to save downloaded images";
				INFOPLIST_KEY_UIApplicationSceneManifest_Generation = YES;
				INFOPLIST_KEY_UIApplicationSupportsIndirectInputEvents = YES;
				INFOPLIST_KEY_UILaunchScreen_Generation = YES;
				INFOPLIST_KEY_UILaunchStoryboardName = "Launch Screen.storyboard";
				INFOPLIST_KEY_UIRequiresFullScreen = NO;
				INFOPLIST_KEY_UIStatusBarHidden = NO;
				INFOPLIST_KEY_UIStatusBarStyle = "";
				INFOPLIST_KEY_UISupportedInterfaceOrientations = UIInterfaceOrientationPortrait;
				LD_RUNPATH_SEARCH_PATHS = (
					"$(inherited)",
					"@executable_path/Frameworks",
				);
				MARKETING_VERSION = 1.0;
				PRODUCT_BUNDLE_IDENTIFIER = wallzy;
				PRODUCT_NAME = "$(TARGET_NAME)";
				SUPPORTED_PLATFORMS = "iphoneos iphonesimulator";
				SUPPORTS_MACCATALYST = NO;
				SUPPORTS_MAC_DESIGNED_FOR_IPHONE_IPAD = NO;
				SUPPORTS_XR_DESIGNED_FOR_IPHONE_IPAD = NO;
				SWIFT_EMIT_LOC_STRINGS = YES;
				SWIFT_VERSION = 5.0;
				TARGETED_DEVICE_FAMILY = 1;
			};
			name = Release;
		};
/* End XCBuildConfiguration section */

/* Begin XCConfigurationList section */
		9CD8F6DC2B7936E100321E0F /* Build configuration list for PBXProject "wallz" */ = {
			isa = XCConfigurationList;
			buildConfigurations = (
				9CD8F6ED2B7936E300321E0F /* Debug */,
				9CD8F6EE2B7936E300321E0F /* Release */,
			);
			defaultConfigurationIsVisible = 0;
			defaultConfigurationName = Release;
		};
		9CD8F6EF2B7936E300321E0F /* Build configuration list for PBXNativeTarget "wallz" */ = {
			isa = XCConfigurationList;
			buildConfigurations = (
				9CD8F6F02B7936E300321E0F /* Debug */,
				9CD8F6F12B7936E300321E0F /* Release */,
			);
			defaultConfigurationIsVisible = 0;
			defaultConfigurationName = Release;
		};
/* End XCConfigurationList section */

/* Begin XCRemoteSwiftPackageReference section */
		9C75BAF62BC2BEE0002AEF71 /* XCRemoteSwiftPackageReference "rive-ios" */ = {
			isa = XCRemoteSwiftPackageReference;
			repositoryURL = "https://github.com/rive-app/rive-ios";
			requirement = {
				kind = upToNextMajorVersion;
				minimumVersion = 5.10.0;
			};
		};
/* End XCRemoteSwiftPackageReference section */

/* Begin XCSwiftPackageProductDependency section */
		9C75BAF72BC2BEE0002AEF71 /* RiveRuntime */ = {
			isa = XCSwiftPackageProductDependency;
			package = 9C75BAF62BC2BEE0002AEF71 /* XCRemoteSwiftPackageReference "rive-ios" */;
			productName = RiveRuntime;
		};
/* End XCSwiftPackageProductDependency section */
	};
	rootObject = 9CD8F6D92B7936E100321E0F /* Project object */;
}
