{
  "originHash" : "eb08664a61e270b18ce6e02aa8d7ec415cacfef2cf608fe367df100add2dfb7e",
  "pins" : [
    {
      "identity" : "nuke",
      "kind" : "remoteSourceControl",
      "location" : "https://github.com/kean/Nuke.git",
      "state" : {
        "revision" : "7395c7a9dcd390bbcfad17a731d8d529602702c6",
        "version" : "12.7.0"
      }
    },
    {
      "identity" : "rive-ios",
      "kind" : "remoteSourceControl",
      "location" : "https://github.com/rive-app/rive-ios",
      "state" : {
        "revision" : "30e738b8842f236bb0e6b5117eab5dd9b26c88d7",
        "version" : "5.10.0"
      }
    }
  ],
  "version" : 3
}
